
Microsoft Visual Studio Solution File, Format Version 12.00
# Visual Studio Version 16
VisualStudioVersion = 16.0.30523.141
MinimumVisualStudioVersion = 10.0.40219.1
Project("{FAE04EC0-301F-11D3-BF4B-00C04F79EFBC}") = "Black_Jack", "Black_Jack\Black_Jack.csproj", "{C916C37F-91E3-4BA1-8431-674974801765}"
EndProject
Global
	GlobalSection(SolutionConfigurationPlatforms) = preSolution
		Debug|Any CPU = Debug|Any CPU
		Release|Any CPU = Release|Any CPU
	EndGlobalSection
	GlobalSection(ProjectConfigurationPlatforms) = postSolution
		{C916C37F-91E3-4BA1-8431-674974801765}.Debug|Any CPU.ActiveCfg = Debug|Any CPU
		{C916C37F-91E3-4BA1-8431-674974801765}.Debug|Any CPU.Build.0 = Debug|Any CPU
		{C916C37F-91E3-4BA1-8431-674974801765}.Release|Any CPU.ActiveCfg = Release|Any CPU
		{C916C37F-91E3-4BA1-8431-674974801765}.Release|Any CPU.Build.0 = Release|Any CPU
	EndGlobalSection
	GlobalSection(SolutionProperties) = preSolution
		HideSolutionNode = FALSE
	EndGlobalSection
	GlobalSection(ExtensibilityGlobals) = postSolution
		SolutionGuid = {E86F7E6C-B706-4237-B8B9-EF0A8B9EAD3E}
	EndGlobalSection
EndGlobal
